
Microsoft Visual Studio Solution File, Format Version 12.00
# Visual Studio Version 16
VisualStudioVersion = 16.0.34301.259
MinimumVisualStudioVersion = 10.0.40219.1
Project("{FAE04EC0-301F-11D3-BF4B-00C04F79EFBC}") = "SalesWeb", "SalesWeb\SalesWeb.csproj", "{C9514F43-99B2-453B-B95F-CA0F167EADBC}"
EndProject
Global
	GlobalSection(SolutionConfigurationPlatforms) = preSolution
		Debug|Any CPU = Debug|Any CPU
		Release|Any CPU = Release|Any CPU
	EndGlobalSection
	GlobalSection(ProjectConfigurationPlatforms) = postSolution
		{C9514F43-99B2-453B-B95F-CA0F167EADBC}.Debug|Any CPU.ActiveCfg = Debug|Any CPU
		{C9514F43-99B2-453B-B95F-CA0F167EADBC}.Debug|Any CPU.Build.0 = Debug|Any CPU
		{C9514F43-99B2-453B-B95F-CA0F167EADBC}.Release|Any CPU.ActiveCfg = Release|Any CPU
		{C9514F43-99B2-453B-B95F-CA0F167EADBC}.Release|Any CPU.Build.0 = Release|Any CPU
	EndGlobalSection
	GlobalSection(SolutionProperties) = preSolution
		HideSolutionNode = FALSE
	EndGlobalSection
	GlobalSection(ExtensibilityGlobals) = postSolution
		SolutionGuid = {BF642FCF-AD1F-4931-840D-6FAAC817C8C0}
	EndGlobalSection
EndGlobal
